
Microsoft Visual Studio Solution File, Format Version 12.00
# Visual Studio Version 17
VisualStudioVersion = 17.6.33829.357
MinimumVisualStudioVersion = 10.0.40219.1
Project("{8BC9CEB8-8B4A-11D0-8D11-00A0C91BC942}") = "nlink", "nlink\nlink.vcxproj", "{77255A6A-6F08-44BB-8CF7-5B84A471D7E4}"
EndProject
Global
	GlobalSection(SolutionConfigurationPlatforms) = preSolution
		Debug|x64 = Debug|x64
		Debug|x86 = Debug|x86
		Release|x64 = Release|x64
		Release|x86 = Release|x86
	EndGlobalSection
	GlobalSection(ProjectConfigurationPlatforms) = postSolution
		{77255A6A-6F08-44BB-8CF7-5B84A471D7E4}.Debug|x64.ActiveCfg = Debug|x64
		{77255A6A-6F08-44BB-8CF7-5B84A471D7E4}.Debug|x64.Build.0 = Debug|x64
		{77255A6A-6F08-44BB-8CF7-5B84A471D7E4}.Debug|x86.ActiveCfg = Debug|Win32
		{77255A6A-6F08-44BB-8CF7-5B84A471D7E4}.Debug|x86.Build.0 = Debug|Win32
		{77255A6A-6F08-44BB-8CF7-5B84A471D7E4}.Release|x64.ActiveCfg = Release|x64
		{77255A6A-6F08-44BB-8CF7-5B84A471D7E4}.Release|x64.Build.0 = Release|x64
		{77255A6A-6F08-44BB-8CF7-5B84A471D7E4}.Release|x86.ActiveCfg = Release|Win32
		{77255A6A-6F08-44BB-8CF7-5B84A471D7E4}.Release|x86.Build.0 = Release|Win32
	EndGlobalSection
	GlobalSection(SolutionProperties) = preSolution
		HideSolutionNode = FALSE
	EndGlobalSection
	GlobalSection(ExtensibilityGlobals) = postSolution
		SolutionGuid = {14EF7F14-0C3D-48CF-90A8-7CD46A52F2C2}
	EndGlobalSection
EndGlobal
